
Microsoft Visual Studio Solution File, Format Version 12.00
# Visual Studio 15
VisualStudioVersion = 15.0.28307.1022
MinimumVisualStudioVersion = 10.0.40219.1
Project("{FAE04EC0-301F-11D3-BF4B-00C04F79EFBC}") = "Retina", "Retina\Retina.csproj", "{06F1A845-FC59-4C52-9948-3879DB911544}"
EndProject
Global
	GlobalSection(SolutionConfigurationPlatforms) = preSolution
		Debug|Any CPU = Debug|Any CPU
		Release|Any CPU = Release|Any CPU
	EndGlobalSection
	GlobalSection(ProjectConfigurationPlatforms) = postSolution
		{06F1A845-FC59-4C52-9948-3879DB911544}.Debug|Any CPU.ActiveCfg = Debug|Any CPU
		{06F1A845-FC59-4C52-9948-3879DB911544}.Debug|Any CPU.Build.0 = Debug|Any CPU
		{06F1A845-FC59-4C52-9948-3879DB911544}.Release|Any CPU.ActiveCfg = Release|Any CPU
		{06F1A845-FC59-4C52-9948-3879DB911544}.Release|Any CPU.Build.0 = Release|Any CPU
	EndGlobalSection
	GlobalSection(SolutionProperties) = preSolution
		HideSolutionNode = FALSE
	EndGlobalSection
	GlobalSection(ExtensibilityGlobals) = postSolution
		SolutionGuid = {C28B888A-8F21-44A1-8938-CD84F1563619}
	EndGlobalSection
EndGlobal
